
Microsoft Visual Studio Solution File, Format Version 12.00
# Visual Studio Version 16
VisualStudioVersion = 16.0.30717.126
MinimumVisualStudioVersion = 10.0.40219.1
Project("{FAE04EC0-301F-11D3-BF4B-00C04F79EFBC}") = "MadlibGUI", "MadlibGUI\MadlibGUI.csproj", "{EACD78BE-3A00-41D2-A4B7-88D4813C2828}"
EndProject
Global
	GlobalSection(SolutionConfigurationPlatforms) = preSolution
		Debug|Any CPU = Debug|Any CPU
		Release|Any CPU = Release|Any CPU
	EndGlobalSection
	GlobalSection(ProjectConfigurationPlatforms) = postSolution
		{EACD78BE-3A00-41D2-A4B7-88D4813C2828}.Debug|Any CPU.ActiveCfg = Debug|Any CPU
		{EACD78BE-3A00-41D2-A4B7-88D4813C2828}.Debug|Any CPU.Build.0 = Debug|Any CPU
		{EACD78BE-3A00-41D2-A4B7-88D4813C2828}.Release|Any CPU.ActiveCfg = Release|Any CPU
		{EACD78BE-3A00-41D2-A4B7-88D4813C2828}.Release|Any CPU.Build.0 = Release|Any CPU
	EndGlobalSection
	GlobalSection(SolutionProperties) = preSolution
		HideSolutionNode = FALSE
	EndGlobalSection
	GlobalSection(ExtensibilityGlobals) = postSolution
		SolutionGuid = {DB84D190-DAE1-406A-82F0-BBB4EEE63644}
	EndGlobalSection
EndGlobal
